{
  "name": "nats-event-ex",
  "version": "1.0.0",
  "lockfileVersion": 1,
  "requires": true,
  "dependencies": {
    "nats": {
      "version": "0.7.20",
      "resolved": "https://registry.npmjs.org/nats/-/nats-0.7.20.tgz",
      "integrity": "sha1-+VHYFeLd3OZc0N2l+wEk68CTbdk=",
      "requires": {
        "nuid": "0.6.14"
      }
    },
    "nats-event": {
      "version": "2.0.0",
      "resolved": "https://registry.npmjs.org/nats-event/-/nats-event-2.0.0.tgz",
      "integrity": "sha512-jyFm+Pr0nW9H29+5V9ae/IRlo35rqPU9tyHtEt1neB87nVniOxi6z7bvLMY5zYEi4n6gfNiZwocBK3wiSCRGgg==",
      "requires": {
        "nats": "0.7.20",
        "simple-json-logger": "1.2.0"
      }
    },
    "nuid": {
      "version": "0.6.14",
      "resolved": "https://registry.npmjs.org/nuid/-/nuid-0.6.14.tgz",
      "integrity": "sha1-oiXItyDkbFY62NE2QTaGafbCW0g="
    },
    "simple-json-logger": {
      "version": "1.2.0",
      "resolved": "https://registry.npmjs.org/simple-json-logger/-/simple-json-logger-1.2.0.tgz",
      "integrity": "sha512-Y6/vqnXhSHe91h59oaRrfyZxh6Hmd9iU+k89cxeLLLN8ViG81WkAsZ6/q4MyHbbIHGk5uk6+01MQJVWUenH8Bw=="
    },
    "uuid": {
      "version": "3.1.0",
      "resolved": "https://registry.npmjs.org/uuid/-/uuid-3.1.0.tgz",
      "integrity": "sha512-DIWtzUkw04M4k3bf1IcpS2tngXEL26YUD2M0tMDUpnUrz2hgzUBlD55a4FjdLGPvfHxS6uluGWvaVEqgBcVa+g=="
    }
  }
}
